
Microsoft Visual Studio Solution File, Format Version 12.00
# Visual Studio Version 16
VisualStudioVersion = 16.0.32228.343
MinimumVisualStudioVersion = 10.0.40219.1
Project("{FAE04EC0-301F-11D3-BF4B-00C04F79EFBC}") = "ChainOfResponsibility-Snap", "ChainOfResponsibility-Snap\ChainOfResponsibility-Snap.csproj", "{A53A6C52-6958-45A4-84CA-9DAB1722314A}"
EndProject
Project("{FAE04EC0-301F-11D3-BF4B-00C04F79EFBC}") = "SnapTest", "SnapTest\SnapTest.csproj", "{9C117B82-E2C8-473D-B2F7-F2A29A4CE872}"
EndProject
Global
	GlobalSection(SolutionConfigurationPlatforms) = preSolution
		Debug|Any CPU = Debug|Any CPU
		Release|Any CPU = Release|Any CPU
	EndGlobalSection
	GlobalSection(ProjectConfigurationPlatforms) = postSolution
		{A53A6C52-6958-45A4-84CA-9DAB1722314A}.Debug|Any CPU.ActiveCfg = Debug|Any CPU
		{A53A6C52-6958-45A4-84CA-9DAB1722314A}.Debug|Any CPU.Build.0 = Debug|Any CPU
		{A53A6C52-6958-45A4-84CA-9DAB1722314A}.Release|Any CPU.ActiveCfg = Release|Any CPU
		{A53A6C52-6958-45A4-84CA-9DAB1722314A}.Release|Any CPU.Build.0 = Release|Any CPU
		{9C117B82-E2C8-473D-B2F7-F2A29A4CE872}.Debug|Any CPU.ActiveCfg = Debug|Any CPU
		{9C117B82-E2C8-473D-B2F7-F2A29A4CE872}.Debug|Any CPU.Build.0 = Debug|Any CPU
		{9C117B82-E2C8-473D-B2F7-F2A29A4CE872}.Release|Any CPU.ActiveCfg = Release|Any CPU
		{9C117B82-E2C8-473D-B2F7-F2A29A4CE872}.Release|Any CPU.Build.0 = Release|Any CPU
	EndGlobalSection
	GlobalSection(SolutionProperties) = preSolution
		HideSolutionNode = FALSE
	EndGlobalSection
	GlobalSection(ExtensibilityGlobals) = postSolution
		SolutionGuid = {923DD366-ADDA-451D-B669-D4916F2E8B62}
	EndGlobalSection
EndGlobal
